// !$*UTF8*$!
{
	archiveVersion = 1;
	classes = {
	};
	objectVersion = 50;
	objects = {

/* Begin PBXBuildFile section */
		B135AF63220452E7001DF191 /* AppDelegate.swift in Sources */ = {isa = PBXBuildFile; fileRef = B135AF62220452E7001DF191 /* AppDelegate.swift */; };
		B135AF65220452E7001DF191 /* ViewController.swift in Sources */ = {isa = PBXBuildFile; fileRef = B135AF64220452E7001DF191 /* ViewController.swift */; };
		B135AF68220452E7001DF191 /* Main.storyboard in Resources */ = {isa = PBXBuildFile; fileRef = B135AF66220452E7001DF191 /* Main.storyboard */; };
		B135AF6A220452F1001DF191 /* Assets.xcassets in Resources */ = {isa = PBXBuildFile; fileRef = B135AF69220452F1001DF191 /* Assets.xcassets */; };
		B135AF6D220452F1001DF191 /* LaunchScreen.storyboard in Resources */ = {isa = PBXBuildFile; fileRef = B135AF6B220452F1001DF191 /* LaunchScreen.storyboard */; };
		B135AF78220452F1001DF191 /* GitLearningTests.swift in Sources */ = {isa = PBXBuildFile; fileRef = B135AF77220452F1001DF191 /* GitLearningTests.swift */; };
		B135AF83220452F1001DF191 /* GitLearningUITests.swift in Sources */ = {isa = PBXBuildFile; fileRef = B135AF82220452F1001DF191 /* GitLearningUITests.swift */; };
/* End PBXBuildFile section */

/* Begin PBXContainerItemProxy section */
		B135AF74220452F1001DF191 /* PBXContainerItemProxy */ = {
			isa = PBXContainerItemProxy;
			containerPortal = B135AF57220452E7001DF191 /* Project object */;
			proxyType = 1;
			remoteGlobalIDString = B135AF5E220452E7001DF191;
			remoteInfo = GitLearning;
		};
		B135AF7F220452F1001DF191 /* PBXContainerItemProxy */ = {
			isa = PBXContainerItemProxy;
			containerPortal = B135AF57220452E7001DF191 /* Project object */;
			proxyType = 1;
			remoteGlobalIDString = B135AF5E220452E7001DF191;
			remoteInfo = GitLearning;
		};
/* End PBXContainerItemProxy section */

/* Begin PBXFileReference section */
		B135AF5F220452E7001DF191 /* GitLearning.app */ = {isa = PBXFileReference; explicitFileType = wrapper.application; includeInIndex = 0; path = GitLearning.app; sourceTree = BUILT_PRODUCTS_DIR; };
		B135AF62220452E7001DF191 /* AppDelegate.swift */ = {isa = PBXFileReference; lastKnownFileType = sourcecode.swift; path = AppDelegate.swift; sourceTree = "<group>"; };
		B135AF64220452E7001DF191 /* ViewController.swift */ = {isa = PBXFileReference; lastKnownFileType = sourcecode.swift; path = ViewController.swift; sourceTree = "<group>"; };
		B135AF67220452E7001DF191 /* Base */ = {isa = PBXFileReference; lastKnownFileType = file.storyboard; name = Base; path = Base.lproj/Main.storyboard; sourceTree = "<group>"; };
		B135AF69220452F1001DF191 /* Assets.xcassets */ = {isa = PBXFileReference; lastKnownFileType = folder.assetcatalog; path = Assets.xcassets; sourceTree = "<group>"; };
		B135AF6C220452F1001DF191 /* Base */ = {isa = PBXFileReference; lastKnownFileType = file.storyboard; name = Base; path = Base.lproj/LaunchScreen.storyboard; sourceTree = "<group>"; };
		B135AF6E220452F1001DF191 /* Info.plist */ = {isa = PBXFileReference; lastKnownFileType = text.plist.xml; path = Info.plist; sourceTree = "<group>"; };
		B135AF73220452F1001DF191 /* GitLearningTests.xctest */ = {isa = PBXFileReference; explicitFileType = wrapper.cfbundle; includeInIndex = 0; path = GitLearningTests.xctest; sourceTree = BUILT_PRODUCTS_DIR; };
		B135AF77220452F1001DF191 /* GitLearningTests.swift */ = {isa = PBXFileReference; lastKnownFileType = sourcecode.swift; path = GitLearningTests.swift; sourceTree = "<group>"; };
		B135AF79220452F1001DF191 /* Info.plist */ = {isa = PBXFileReference; lastKnownFileType = text.plist.xml; path = Info.plist; sourceTree = "<group>"; };
		B135AF7E220452F1001DF191 /* GitLearningUITests.xctest */ = {isa = PBXFileReference; explicitFileType = wrapper.cfbundle; includeInIndex = 0; path = GitLearningUITests.xctest; sourceTree = BUILT_PRODUCTS_DIR; };
		B135AF82220452F1001DF191 /* GitLearningUITests.swift */ = {isa = PBXFileReference; lastKnownFileType = sourcecode.swift; path = GitLearningUITests.swift; sourceTree = "<group>"; };
		B135AF84220452F1001DF191 /* Info.plist */ = {isa = PBXFileReference; lastKnownFileType = text.plist.xml; path = Info.plist; sourceTree = "<group>"; };
/* End PBXFileReference section */

/* Begin PBXFrameworksBuildPhase section */
		B135AF5C220452E7001DF191 /* Frameworks */ = {
			isa = PBXFrameworksBuildPhase;
			buildActionMask = 2147483647;
			files = (
			);
			runOnlyForDeploymentPostprocessing = 0;
		};
		B135AF70220452F1001DF191 /* Frameworks */ = {
			isa = PBXFrameworksBuildPhase;
			buildActionMask = 2147483647;
			files = (
			);
			runOnlyForDeploymentPostprocessing = 0;
		};
		B135AF7B220452F1001DF191 /* Frameworks */ = {
			isa = PBXFrameworksBuildPhase;
			buildActionMask = 2147483647;
			files = (
			);
			runOnlyForDeploymentPostprocessing = 0;
		};
/* End PBXFrameworksBuildPhase section */

/* Begin PBXGroup section */
		B135AF56220452E7001DF191 = {
			isa = PBXGroup;
			children = (
				B135AF61220452E7001DF191 /* GitLearning */,
				B135AF76220452F1001DF191 /* GitLearningTests */,
				B135AF81220452F1001DF191 /* GitLearningUITests */,
				B135AF60220452E7001DF191 /* Products */,
			);
			sourceTree = "<group>";
		};
		B135AF60220452E7001DF191 /* Products */ = {
			isa = PBXGroup;
			children = (
				B135AF5F220452E7001DF191 /* GitLearning.app */,
				B135AF73220452F1001DF191 /* GitLearningTests.xctest */,
				B135AF7E220452F1001DF191 /* GitLearningUITests.xctest */,
			);
			name = Products;
			sourceTree = "<group>";
		};
		B135AF61220452E7001DF191 /* GitLearning */ = {
			isa = PBXGroup;
			children = (
				B135AF62220452E7001DF191 /* AppDelegate.swift */,
				B135AF64220452E7001DF191 /* ViewController.swift */,
				B135AF66220452E7001DF191 /* Main.storyboard */,
				B135AF69220452F1001DF191 /* Assets.xcassets */,
				B135AF6B220452F1001DF191 /* LaunchScreen.storyboard */,
				B135AF6E220452F1001DF191 /* Info.plist */,
			);
			path = GitLearning;
			sourceTree = "<group>";
		};
		B135AF76220452F1001DF191 /* GitLearningTests */ = {
			isa = PBXGroup;
			children = (
				B135AF77220452F1001DF191 /* GitLearningTests.swift */,
				B135AF79220452F1001DF191 /* Info.plist */,
			);
			path = GitLearningTests;
			sourceTree = "<group>";
		};
		B135AF81220452F1001DF191 /* GitLearningUITests */ = {
			isa = PBXGroup;
			children = (
				B135AF82220452F1001DF191 /* GitLearningUITests.swift */,
				B135AF84220452F1001DF191 /* Info.plist */,
			);
			path = GitLearningUITests;
			sourceTree = "<group>";
		};
/* End PBXGroup section */

/* Begin PBXNativeTarget section */
		B135AF5E220452E7001DF191 /* GitLearning */ = {
			isa = PBXNativeTarget;
			buildConfigurationList = B135AF87220452F1001DF191 /* Build configuration list for PBXNativeTarget "GitLearning" */;
			buildPhases = (
				B135AF5B220452E7001DF191 /* Sources */,
				B135AF5C220452E7001DF191 /* Frameworks */,
				B135AF5D220452E7001DF191 /* Resources */,
			);
			buildRules = (
			);
			dependencies = (
			);
			name = GitLearning;
			productName = GitLearning;
			productReference = B135AF5F220452E7001DF191 /* GitLearning.app */;
			productType = "com.apple.product-type.application";
		};
		B135AF72220452F1001DF191 /* GitLearningTests */ = {
			isa = PBXNativeTarget;
			buildConfigurationList = B135AF8A220452F1001DF191 /* Build configuration list for PBXNativeTarget "GitLearningTests" */;
			buildPhases = (
				B135AF6F220452F1001DF191 /* Sources */,
				B135AF70220452F1001DF191 /* Frameworks */,
				B135AF71220452F1001DF191 /* Resources */,
			);
			buildRules = (
			);
			dependencies = (
				B135AF75220452F1001DF191 /* PBXTargetDependency */,
			);
			name = GitLearningTests;
			productName = GitLearningTests;
			productReference = B135AF73220452F1001DF191 /* GitLearningTests.xctest */;
			productType = "com.apple.product-type.bundle.unit-test";
		};
		B135AF7D220452F1001DF191 /* GitLearningUITests */ = {
			isa = PBXNativeTarget;
			buildConfigurationList = B135AF8D220452F1001DF191 /* Build configuration list for PBXNativeTarget "GitLearningUITests" */;
			buildPhases = (
				B135AF7A220452F1001DF191 /* Sources */,
				B135AF7B220452F1001DF191 /* Frameworks */,
				B135AF7C220452F1001DF191 /* Resources */,
			);
			buildRules = (
			);
			dependencies = (
				B135AF80220452F1001DF191 /* PBXTargetDependency */,
			);
			name = GitLearningUITests;
			productName = GitLearningUITests;
			productReference = B135AF7E220452F1001DF191 /* GitLearningUITests.xctest */;
			productType = "com.apple.product-type.bundle.ui-testing";
		};
/* End PBXNativeTarget section */

/* Begin PBXProject section */
		B135AF57220452E7001DF191 /* Project object */ = {
			isa = PBXProject;
			attributes = {
				LastSwiftUpdateCheck = 1010;
				LastUpgradeCheck = 1010;
				ORGANIZATIONNAME = Vijay;
				TargetAttributes = {
					B135AF5E220452E7001DF191 = {
						CreatedOnToolsVersion = 10.1;
					};
					B135AF72220452F1001DF191 = {
						CreatedOnToolsVersion = 10.1;
						TestTargetID = B135AF5E220452E7001DF191;
					};
					B135AF7D220452F1001DF191 = {
						CreatedOnToolsVersion = 10.1;
						TestTargetID = B135AF5E220452E7001DF191;
					};
				};
			};
			buildConfigurationList = B135AF5A220452E7001DF191 /* Build configuration list for PBXProject "GitLearning" */;
			compatibilityVersion = "Xcode 9.3";
			developmentRegion = en;
			hasScannedForEncodings = 0;
			knownRegions = (
				en,
				Base,
			);
			mainGroup = B135AF56220452E7001DF191;
			productRefGroup = B135AF60220452E7001DF191 /* Products */;
			projectDirPath = "";
			projectRoot = "";
			targets = (
				B135AF5E220452E7001DF191 /* GitLearning */,
				B135AF72220452F1001DF191 /* GitLearningTests */,
				B135AF7D220452F1001DF191 /* GitLearningUITests */,
			);
		};
/* End PBXProject section */

/* Begin PBXResourcesBuildPhase section */
		B135AF5D220452E7001DF191 /* Resources */ = {
			isa = PBXResourcesBuildPhase;
			buildActionMask = 2147483647;
			files = (
				B135AF6D220452F1001DF191 /* LaunchScreen.storyboard in Resources */,
				B135AF6A220452F1001DF191 /* Assets.xcassets in Resources */,
				B135AF68220452E7001DF191 /* Main.storyboard in Resources */,
			);
			runOnlyForDeploymentPostprocessing = 0;
		};
		B135AF71220452F1001DF191 /* Resources */ = {
			isa = PBXResourcesBuildPhase;
			buildActionMask = 2147483647;
			files = (
			);
			runOnlyForDeploymentPostprocessing = 0;
		};
		B135AF7C220452F1001DF191 /* Resources */ = {
			isa = PBXResourcesBuildPhase;
			buildActionMask = 2147483647;
			files = (
			);
			runOnlyForDeploymentPostprocessing = 0;
		};
/* End PBXResourcesBuildPhase section */

/* Begin PBXSourcesBuildPhase section */
		B135AF5B220452E7001DF191 /* Sources */ = {
			isa = PBXSourcesBuildPhase;
			buildActionMask = 2147483647;
			files = (
				B135AF65220452E7001DF191 /* ViewController.swift in Sources */,
				B135AF63220452E7001DF191 /* AppDelegate.swift in Sources */,
			);
			runOnlyForDeploymentPostprocessing = 0;
		};
		B135AF6F220452F1001DF191 /* Sources */ = {
			isa = PBXSourcesBuildPhase;
			buildActionMask = 2147483647;
			files = (
				B135AF78220452F1001DF191 /* GitLearningTests.swift in Sources */,
			);
			runOnlyForDeploymentPostprocessing = 0;
		};
		B135AF7A220452F1001DF191 /* Sources */ = {
			isa = PBXSourcesBuildPhase;
			buildActionMask = 2147483647;
			files = (
				B135AF83220452F1001DF191 /* GitLearningUITests.swift in Sources */,
			);
			runOnlyForDeploymentPostprocessing = 0;
		};
/* End PBXSourcesBuildPhase section */

/* Begin PBXTargetDependency section */
		B135AF75220452F1001DF191 /* PBXTargetDependency */ = {
			isa = PBXTargetDependency;
			target = B135AF5E220452E7001DF191 /* GitLearning */;
			targetProxy = B135AF74220452F1001DF191 /* PBXContainerItemProxy */;
		};
		B135AF80220452F1001DF191 /* PBXTargetDependency */ = {
			isa = PBXTargetDependency;
			target = B135AF5E220452E7001DF191 /* GitLearning */;
			targetProxy = B135AF7F220452F1001DF191 /* PBXContainerItemProxy */;
		};
/* End PBXTargetDependency section */

/* Begin PBXVariantGroup section */
		B135AF66220452E7001DF191 /* Main.storyboard */ = {
			isa = PBXVariantGroup;
			children = (
				B135AF67220452E7001DF191 /* Base */,
			);
			name = Main.storyboard;
			sourceTree = "<group>";
		};
		B135AF6B220452F1001DF191 /* LaunchScreen.storyboard */ = {
			isa = PBXVariantGroup;
			children = (
				B135AF6C220452F1001DF191 /* Base */,
			);
			name = LaunchScreen.storyboard;
			sourceTree = "<group>";
		};
/* End PBXVariantGroup section */

/* Begin XCBuildConfiguration section */
		B135AF85220452F1001DF191 /* Debug */ = {
			isa = XCBuildConfiguration;
			buildSettings = {
				ALWAYS_SEARCH_USER_PATHS = NO;
				CLANG_ANALYZER_NONNULL = YES;
				CLANG_ANALYZER_NUMBER_OBJECT_CONVERSION = YES_AGGRESSIVE;
				CLANG_CXX_LANGUAGE_STANDARD = "gnu++14";
				CLANG_CXX_LIBRARY = "libc++";
				CLANG_ENABLE_MODULES = YES;
				CLANG_ENABLE_OBJC_ARC = YES;
				CLANG_ENABLE_OBJC_WEAK = YES;
				CLANG_WARN_BLOCK_CAPTURE_AUTORELEASING = YES;
				CLANG_WARN_BOOL_CONVERSION = YES;
				CLANG_WARN_COMMA = YES;
				CLANG_WARN_CONSTANT_CONVERSION = YES;
				CLANG_WARN_DEPRECATED_OBJC_IMPLEMENTATIONS = YES;
				CLANG_WARN_DIRECT_OBJC_ISA_USAGE = YES_ERROR;
				CLANG_WARN_DOCUMENTATION_COMMENTS = YES;
				CLANG_WARN_EMPTY_BODY = YES;
				CLANG_WARN_ENUM_CONVERSION = YES;
				CLANG_WARN_INFINITE_RECURSION = YES;
				CLANG_WARN_INT_CONVERSION = YES;
				CLANG_WARN_NON_LITERAL_NULL_CONVERSION = YES;
				CLANG_WARN_OBJC_IMPLICIT_RETAIN_SELF = YES;
				CLANG_WARN_OBJC_LITERAL_CONVERSION = YES;
				CLANG_WARN_OBJC_ROOT_CLASS = YES_ERROR;
				CLANG_WARN_RANGE_LOOP_ANALYSIS = YES;
				CLANG_WARN_STRICT_PROTOTYPES = YES;
				CLANG_WARN_SUSPICIOUS_MOVE = YES;
				CLANG_WARN_UNGUARDED_AVAILABILITY = YES_AGGRESSIVE;
				CLANG_WARN_UNREACHABLE_CODE = YES;
				CLANG_WARN__DUPLICATE_METHOD_MATCH = YES;
				CODE_SIGN_IDENTITY = "iPhone Developer";
				COPY_PHASE_STRIP = NO;
				DEBUG_INFORMATION_FORMAT = dwarf;
				ENABLE_STRICT_OBJC_MSGSEND = YES;
				ENABLE_TESTABILITY = YES;
				GCC_C_LANGUAGE_STANDARD = gnu11;
				GCC_DYNAMIC_NO_PIC = NO;
				GCC_NO_COMMON_BLOCKS = YES;
				GCC_OPTIMIZATION_LEVEL = 0;
				GCC_PREPROCESSOR_DEFINITIONS = (
					"DEBUG=1",
					"$(inherited)",
				);
				GCC_WARN_64_TO_32_BIT_CONVERSION = YES;
				GCC_WARN_ABOUT_RETURN_TYPE = YES_ERROR;
				GCC_WARN_UNDECLARED_SELECTOR = YES;
				GCC_WARN_UNINITIALIZED_AUTOS = YES_AGGRESSIVE;
				GCC_WARN_UNUSED_FUNCTION = YES;
				GCC_WARN_UNUSED_VARIABLE = YES;
				IPHONEOS_DEPLOYMENT_TARGET = 12.1;
				MTL_ENABLE_DEBUG_INFO = INCLUDE_SOURCE;
				MTL_FAST_MATH = YES;
				ONLY_ACTIVE_ARCH = YES;
				SDKROOT = iphoneos;
				SWIFT_ACTIVE_COMPILATION_CONDITIONS = DEBUG;
				SWIFT_OPTIMIZATION_LEVEL = "-Onone";
			};
			name = Debug;
		};
		B135AF86220452F1001DF191 /* Release */ = {
			isa = XCBuildConfiguration;
			buildSettings = {
				ALWAYS_SEARCH_USER_PATHS = NO;
				CLANG_ANALYZER_NONNULL = YES;
				CLANG_ANALYZER_NUMBER_OBJECT_CONVERSION = YES_AGGRESSIVE;
				CLANG_CXX_LANGUAGE_STANDARD = "gnu++14";
				CLANG_CXX_LIBRARY = "libc++";
				CLANG_ENABLE_MODULES = YES;
				CLANG_ENABLE_OBJC_ARC = YES;
				CLANG_ENABLE_OBJC_WEAK = YES;
				CLANG_WARN_BLOCK_CAPTURE_AUTORELEASING = YES;
				CLANG_WARN_BOOL_CONVERSION = YES;
				CLANG_WARN_COMMA = YES;
				CLANG_WARN_CONSTANT_CONVERSION = YES;
				CLANG_WARN_DEPRECATED_OBJC_IMPLEMENTATIONS = YES;
				CLANG_WARN_DIRECT_OBJC_ISA_USAGE = YES_ERROR;
				CLANG_WARN_DOCUMENTATION_COMMENTS = YES;
				CLANG_WARN_EMPTY_BODY = YES;
				CLANG_WARN_ENUM_CONVERSION = YES;
				CLANG_WARN_INFINITE_RECURSION = YES;
				CLANG_WARN_INT_CONVERSION = YES;
				CLANG_WARN_NON_LITERAL_NULL_CONVERSION = YES;
				CLANG_WARN_OBJC_IMPLICIT_RETAIN_SELF = YES;
				CLANG_WARN_OBJC_LITERAL_CONVERSION = YES;
				CLANG_WARN_OBJC_ROOT_CLASS = YES_ERROR;
				CLANG_WARN_RANGE_LOOP_ANALYSIS = YES;
				CLANG_WARN_STRICT_PROTOTYPES = YES;
				CLANG_WARN_SUSPICIOUS_MOVE = YES;
				CLANG_WARN_UNGUARDED_AVAILABILITY = YES_AGGRESSIVE;
				CLANG_WARN_UNREACHABLE_CODE = YES;
				CLANG_WARN__DUPLICATE_METHOD_MATCH = YES;
				CODE_SIGN_IDENTITY = "iPhone Developer";
				COPY_PHASE_STRIP = NO;
				DEBUG_INFORMATION_FORMAT = "dwarf-with-dsym";
				ENABLE_NS_ASSERTIONS = NO;
				ENABLE_STRICT_OBJC_MSGSEND = YES;
				GCC_C_LANGUAGE_STANDARD = gnu11;
				GCC_NO_COMMON_BLOCKS = YES;
				GCC_WARN_64_TO_32_BIT_CONVERSION = YES;
				GCC_WARN_ABOUT_RETURN_TYPE = YES_ERROR;
				GCC_WARN_UNDECLARED_SELECTOR = YES;
				GCC_WARN_UNINITIALIZED_AUTOS = YES_AGGRESSIVE;
				GCC_WARN_UNUSED_FUNCTION = YES;
				GCC_WARN_UNUSED_VARIABLE = YES;
				IPHONEOS_DEPLOYMENT_TARGET = 12.1;
				MTL_ENABLE_DEBUG_INFO = NO;
				MTL_FAST_MATH = YES;
				SDKROOT = iphoneos;
				SWIFT_COMPILATION_MODE = wholemodule;
				SWIFT_OPTIMIZATION_LEVEL = "-O";
				VALIDATE_PRODUCT = YES;
			};
			name = Release;
		};
		B135AF88220452F1001DF191 /* Debug */ = {
			isa = XCBuildConfiguration;
			buildSettings = {
				ASSETCATALOG_COMPILER_APPICON_NAME = AppIcon;
				CODE_SIGN_STYLE = Automatic;
				INFOPLIST_FILE = GitLearning/Info.plist;
				LD_RUNPATH_SEARCH_PATHS = (
					"$(inherited)",
					"@executable_path/Frameworks",
				);
				PRODUCT_BUNDLE_IDENTIFIER = com.vijay.Feature.GitLearning;
				PRODUCT_NAME = "$(TARGET_NAME)";
				SWIFT_VERSION = 4.2;
				TARGETED_DEVICE_FAMILY = "1,2";
			};
			name = Debug;
		};
		B135AF89220452F1001DF191 /* Release */ = {
			isa = XCBuildConfiguration;
			buildSettings = {
				ASSETCATALOG_COMPILER_APPICON_NAME = AppIcon;
				CODE_SIGN_STYLE = Automatic;
				INFOPLIST_FILE = GitLearning/Info.plist;
				LD_RUNPATH_SEARCH_PATHS = (
					"$(inherited)",
					"@executable_path/Frameworks",
				);
				PRODUCT_BUNDLE_IDENTIFIER = com.vijay.Feature.GitLearning;
				PRODUCT_NAME = "$(TARGET_NAME)";
				SWIFT_VERSION = 4.2;
				TARGETED_DEVICE_FAMILY = "1,2";
			};
			name = Release;
		};
		B135AF8B220452F1001DF191 /* Debug */ = {
			isa = XCBuildConfiguration;
			buildSettings = {
				ALWAYS_EMBED_SWIFT_STANDARD_LIBRARIES = YES;
				BUNDLE_LOADER = "$(TEST_HOST)";
				CODE_SIGN_STYLE = Automatic;
				INFOPLIST_FILE = GitLearningTests/Info.plist;
				LD_RUNPATH_SEARCH_PATHS = (
					"$(inherited)",
					"@executable_path/Frameworks",
					"@loader_path/Frameworks",
				);
				PRODUCT_BUNDLE_IDENTIFIER = com.vijay.Feature.GitLearningTests;
				PRODUCT_NAME = "$(TARGET_NAME)";
				SWIFT_VERSION = 4.2;
				TARGETED_DEVICE_FAMILY = "1,2";
				TEST_HOST = "$(BUILT_PRODUCTS_DIR)/GitLearning.app/GitLearning";
			};
			name = Debug;
		};
		B135AF8C220452F1001DF191 /* Release */ = {
			isa = XCBuildConfiguration;
			buildSettings = {
				ALWAYS_EMBED_SWIFT_STANDARD_LIBRARIES = YES;
				BUNDLE_LOADER = "$(TEST_HOST)";
				CODE_SIGN_STYLE = Automatic;
				INFOPLIST_FILE = GitLearningTests/Info.plist;
				LD_RUNPATH_SEARCH_PATHS = (
					"$(inherited)",
					"@executable_path/Frameworks",
					"@loader_path/Frameworks",
				);
				PRODUCT_BUNDLE_IDENTIFIER = com.vijay.Feature.GitLearningTests;
				PRODUCT_NAME = "$(TARGET_NAME)";
				SWIFT_VERSION = 4.2;
				TARGETED_DEVICE_FAMILY = "1,2";
				TEST_HOST = "$(BUILT_PRODUCTS_DIR)/GitLearning.app/GitLearning";
			};
			name = Release;
		};
		B135AF8E220452F1001DF191 /* Debug */ = {
			isa = XCBuildConfiguration;
			buildSettings = {
				ALWAYS_EMBED_SWIFT_STANDARD_LIBRARIES = YES;
				CODE_SIGN_STYLE = Automatic;
				INFOPLIST_FILE = GitLearningUITests/Info.plist;
				LD_RUNPATH_SEARCH_PATHS = (
					"$(inherited)",
					"@executable_path/Frameworks",
					"@loader_path/Frameworks",
				);
				PRODUCT_BUNDLE_IDENTIFIER = com.vijay.Feature.GitLearningUITests;
				PRODUCT_NAME = "$(TARGET_NAME)";
				SWIFT_VERSION = 4.2;
				TARGETED_DEVICE_FAMILY = "1,2";
				TEST_TARGET_NAME = GitLearning;
			};
			name = Debug;
		};
		B135AF8F220452F1001DF191 /* Release */ = {
			isa = XCBuildConfiguration;
			buildSettings = {
				ALWAYS_EMBED_SWIFT_STANDARD_LIBRARIES = YES;
				CODE_SIGN_STYLE = Automatic;
				INFOPLIST_FILE = GitLearningUITests/Info.plist;
				LD_RUNPATH_SEARCH_PATHS = (
					"$(inherited)",
					"@executable_path/Frameworks",
					"@loader_path/Frameworks",
				);
				PRODUCT_BUNDLE_IDENTIFIER = com.vijay.Feature.GitLearningUITests;
				PRODUCT_NAME = "$(TARGET_NAME)";
				SWIFT_VERSION = 4.2;
				TARGETED_DEVICE_FAMILY = "1,2";
				TEST_TARGET_NAME = GitLearning;
			};
			name = Release;
		};
/* End XCBuildConfiguration section */

/* Begin XCConfigurationList section */
		B135AF5A220452E7001DF191 /* Build configuration list for PBXProject "GitLearning" */ = {
			isa = XCConfigurationList;
			buildConfigurations = (
				B135AF85220452F1001DF191 /* Debug */,
				B135AF86220452F1001DF191 /* Release */,
			);
			defaultConfigurationIsVisible = 0;
			defaultConfigurationName = Release;
		};
		B135AF87220452F1001DF191 /* Build configuration list for PBXNativeTarget "GitLearning" */ = {
			isa = XCConfigurationList;
			buildConfigurations = (
				B135AF88220452F1001DF191 /* Debug */,
				B135AF89220452F1001DF191 /* Release */,
			);
			defaultConfigurationIsVisible = 0;
			defaultConfigurationName = Release;
		};
		B135AF8A220452F1001DF191 /* Build configuration list for PBXNativeTarget "GitLearningTests" */ = {
			isa = XCConfigurationList;
			buildConfigurations = (
				B135AF8B220452F1001DF191 /* Debug */,
				B135AF8C220452F1001DF191 /* Release */,
			);
			defaultConfigurationIsVisible = 0;
			defaultConfigurationName = Release;
		};
		B135AF8D220452F1001DF191 /* Build configuration list for PBXNativeTarget "GitLearningUITests" */ = {
			isa = XCConfigurationList;
			buildConfigurations = (
				B135AF8E220452F1001DF191 /* Debug */,
				B135AF8F220452F1001DF191 /* Release */,
			);
			defaultConfigurationIsVisible = 0;
			defaultConfigurationName = Release;
		};
/* End XCConfigurationList section */
	};
	rootObject = B135AF57220452E7001DF191 /* Project object */;
}
